// !$*UTF8*$!
{
	archiveVersion = 1;
	classes = {
	};
	objectVersion = 48;
	objects = {

/* Begin PBXBuildFile section */
		3FBEDE1B1FE2D438006103AF /* AppDelegate.m in Sources */ = {isa = PBXBuildFile; fileRef = 3FBEDE1A1FE2D438006103AF /* AppDelegate.m */; };
		3FBEDE231FE2D438006103AF /* Assets.xcassets in Resources */ = {isa = PBXBuildFile; fileRef = 3FBEDE221FE2D438006103AF /* Assets.xcassets */; };
		3FBEDE291FE2D438006103AF /* main.m in Sources */ = {isa = PBXBuildFile; fileRef = 3FBEDE281FE2D438006103AF /* main.m */; };
		3FBEDE321FE2D6A0006103AF /* LaunchScreen.storyboard in Resources */ = {isa = PBXBuildFile; fileRef = 3FBEDE301FE2D6A0006103AF /* LaunchScreen.storyboard */; };
		3FBEDE4D1FE3D001006103AF /* NetworkManager.m in Sources */ = {isa = PBXBuildFile; fileRef = 3FBEDE4C1FE3D001006103AF /* NetworkManager.m */; };
		3FBEDE531FE3D0E8006103AF /* ArticleListResponse.m in Sources */ = {isa = PBXBuildFile; fileRef = 3FBEDE521FE3D0E8006103AF /* ArticleListResponse.m */; };
		3FBEDE561FE3D0F3006103AF /* ArticleResponse.m in Sources */ = {isa = PBXBuildFile; fileRef = 3FBEDE551FE3D0F3006103AF /* ArticleResponse.m */; };
		3FBEDE631FE3DDDB006103AF /* ArticleDataManager.m in Sources */ = {isa = PBXBuildFile; fileRef = 3FBEDE621FE3DDDB006103AF /* ArticleDataManager.m */; };
		3FBEDE661FE3DDEB006103AF /* ArticleListViewController.m in Sources */ = {isa = PBXBuildFile; fileRef = 3FBEDE651FE3DDEB006103AF /* ArticleListViewController.m */; };
		3FBEDE691FE3DDF6006103AF /* ArticleDetailViewController.m in Sources */ = {isa = PBXBuildFile; fileRef = 3FBEDE681FE3DDF6006103AF /* ArticleDetailViewController.m */; };
		3FBEDE721FE3E4D8006103AF /* ArticleTableViewCell.m in Sources */ = {isa = PBXBuildFile; fileRef = 3FBEDE701FE3E4D8006103AF /* ArticleTableViewCell.m */; };
		3FBEDE731FE3E4D8006103AF /* ArticleTableViewCell.xib in Resources */ = {isa = PBXBuildFile; fileRef = 3FBEDE711FE3E4D8006103AF /* ArticleTableViewCell.xib */; };
		3FBEDE761FE3EECF006103AF /* MediaMetadataResponse.m in Sources */ = {isa = PBXBuildFile; fileRef = 3FBEDE751FE3EECF006103AF /* MediaMetadataResponse.m */; };
		3FBEDE791FE3EF21006103AF /* MediaResponse.m in Sources */ = {isa = PBXBuildFile; fileRef = 3FBEDE781FE3EF21006103AF /* MediaResponse.m */; };
		3FBEDE7D1FE3F0BD006103AF /* ArticleModel.m in Sources */ = {isa = PBXBuildFile; fileRef = 3FBEDE7C1FE3F0BD006103AF /* ArticleModel.m */; };
		3FBEDE831FE4000B006103AF /* NYTNavigationController.m in Sources */ = {isa = PBXBuildFile; fileRef = 3FBEDE821FE4000B006103AF /* NYTNavigationController.m */; };
		3FBEDE861FE401D8006103AF /* ArticleListViewController.xib in Resources */ = {isa = PBXBuildFile; fileRef = 3FBEDE851FE401D8006103AF /* ArticleListViewController.xib */; };
		3FBEDE881FE402A4006103AF /* ArticleDetailViewController.xib in Resources */ = {isa = PBXBuildFile; fileRef = 3FBEDE871FE402A4006103AF /* ArticleDetailViewController.xib */; };
		3FBEDE8D1FE4038C006103AF /* UIColor+NYTColors.m in Sources */ = {isa = PBXBuildFile; fileRef = 3FBEDE8C1FE4038C006103AF /* UIColor+NYTColors.m */; };
		E1281493C23AF9C2C29DDC8A /* Pods_NYTArticles.framework in Frameworks */ = {isa = PBXBuildFile; fileRef = 72C2125B64D1E90DCCDE6556 /* Pods_NYTArticles.framework */; };
/* End PBXBuildFile section */

/* Begin PBXFileReference section */
		0465F6442AB59A355B61238A /* Pods-NYTArticles.release dev.xcconfig */ = {isa = PBXFileReference; includeInIndex = 1; lastKnownFileType = text.xcconfig; name = "Pods-NYTArticles.release dev.xcconfig"; path = "Pods/Target Support Files/Pods-NYTArticles/Pods-NYTArticles.release dev.xcconfig"; sourceTree = "<group>"; };
		197679B022FA8DEBB68FA10A /* Pods-NYTArticles.debug mock.xcconfig */ = {isa = PBXFileReference; includeInIndex = 1; lastKnownFileType = text.xcconfig; name = "Pods-NYTArticles.debug mock.xcconfig"; path = "Pods/Target Support Files/Pods-NYTArticles/Pods-NYTArticles.debug mock.xcconfig"; sourceTree = "<group>"; };
		1D0B1049843AD4FF65FE5F2E /* Pods-NYTArticles.release.xcconfig */ = {isa = PBXFileReference; includeInIndex = 1; lastKnownFileType = text.xcconfig; name = "Pods-NYTArticles.release.xcconfig"; path = "Pods/Target Support Files/Pods-NYTArticles/Pods-NYTArticles.release.xcconfig"; sourceTree = "<group>"; };
		3FBEDE161FE2D438006103AF /* Dev-NYTArticles.app */ = {isa = PBXFileReference; explicitFileType = wrapper.application; includeInIndex = 0; path = "Dev-NYTArticles.app"; sourceTree = BUILT_PRODUCTS_DIR; };
		3FBEDE191FE2D438006103AF /* AppDelegate.h */ = {isa = PBXFileReference; lastKnownFileType = sourcecode.c.h; path = AppDelegate.h; sourceTree = "<group>"; };
		3FBEDE1A1FE2D438006103AF /* AppDelegate.m */ = {isa = PBXFileReference; lastKnownFileType = sourcecode.c.objc; path = AppDelegate.m; sourceTree = "<group>"; };
		3FBEDE221FE2D438006103AF /* Assets.xcassets */ = {isa = PBXFileReference; lastKnownFileType = folder.assetcatalog; path = Assets.xcassets; sourceTree = "<group>"; };
		3FBEDE271FE2D438006103AF /* Info.plist */ = {isa = PBXFileReference; lastKnownFileType = text.plist.xml; path = Info.plist; sourceTree = "<group>"; };
		3FBEDE281FE2D438006103AF /* main.m */ = {isa = PBXFileReference; lastKnownFileType = sourcecode.c.objc; path = main.m; sourceTree = "<group>"; };
		3FBEDE301FE2D6A0006103AF /* LaunchScreen.storyboard */ = {isa = PBXFileReference; fileEncoding = 4; lastKnownFileType = file.storyboard; path = LaunchScreen.storyboard; sourceTree = "<group>"; };
		3FBEDE331FE2D9B8006103AF /* README.md */ = {isa = PBXFileReference; fileEncoding = 4; lastKnownFileType = net.daringfireball.markdown; path = README.md; sourceTree = "<group>"; };
		3FBEDE4B1FE3D001006103AF /* NetworkManager.h */ = {isa = PBXFileReference; fileEncoding = 4; lastKnownFileType = sourcecode.c.h; path = NetworkManager.h; sourceTree = "<group>"; };
		3FBEDE4C1FE3D001006103AF /* NetworkManager.m */ = {isa = PBXFileReference; fileEncoding = 4; lastKnownFileType = sourcecode.c.objc; path = NetworkManager.m; sourceTree = "<group>"; };
		3FBEDE511FE3D0E8006103AF /* ArticleListResponse.h */ = {isa = PBXFileReference; lastKnownFileType = sourcecode.c.h; path = ArticleListResponse.h; sourceTree = "<group>"; };
		3FBEDE521FE3D0E8006103AF /* ArticleListResponse.m */ = {isa = PBXFileReference; lastKnownFileType = sourcecode.c.objc; path = ArticleListResponse.m; sourceTree = "<group>"; };
		3FBEDE541FE3D0F3006103AF /* ArticleResponse.h */ = {isa = PBXFileReference; lastKnownFileType = sourcecode.c.h; path = ArticleResponse.h; sourceTree = "<group>"; };
		3FBEDE551FE3D0F3006103AF /* ArticleResponse.m */ = {isa = PBXFileReference; lastKnownFileType = sourcecode.c.objc; path = ArticleResponse.m; sourceTree = "<group>"; };
		3FBEDE611FE3DDDB006103AF /* ArticleDataManager.h */ = {isa = PBXFileReference; lastKnownFileType = sourcecode.c.h; path = ArticleDataManager.h; sourceTree = "<group>"; };
		3FBEDE621FE3DDDB006103AF /* ArticleDataManager.m */ = {isa = PBXFileReference; lastKnownFileType = sourcecode.c.objc; path = ArticleDataManager.m; sourceTree = "<group>"; };
		3FBEDE641FE3DDEB006103AF /* ArticleListViewController.h */ = {isa = PBXFileReference; lastKnownFileType = sourcecode.c.h; path = ArticleListViewController.h; sourceTree = "<group>"; };
		3FBEDE651FE3DDEB006103AF /* ArticleListViewController.m */ = {isa = PBXFileReference; lastKnownFileType = sourcecode.c.objc; path = ArticleListViewController.m; sourceTree = "<group>"; };
		3FBEDE671FE3DDF6006103AF /* ArticleDetailViewController.h */ = {isa = PBXFileReference; lastKnownFileType = sourcecode.c.h; path = ArticleDetailViewController.h; sourceTree = "<group>"; };
		3FBEDE681FE3DDF6006103AF /* ArticleDetailViewController.m */ = {isa = PBXFileReference; lastKnownFileType = sourcecode.c.objc; path = ArticleDetailViewController.m; sourceTree = "<group>"; };
		3FBEDE6A1FE3DE26006103AF /* ArticleDataManagerInterface.h */ = {isa = PBXFileReference; lastKnownFileType = sourcecode.c.h; path = ArticleDataManagerInterface.h; sourceTree = "<group>"; };
		3FBEDE6F1FE3E4D8006103AF /* ArticleTableViewCell.h */ = {isa = PBXFileReference; lastKnownFileType = sourcecode.c.h; path = ArticleTableViewCell.h; sourceTree = "<group>"; };
		3FBEDE701FE3E4D8006103AF /* ArticleTableViewCell.m */ = {isa = PBXFileReference; lastKnownFileType = sourcecode.c.objc; path = ArticleTableViewCell.m; sourceTree = "<group>"; };
		3FBEDE711FE3E4D8006103AF /* ArticleTableViewCell.xib */ = {isa = PBXFileReference; lastKnownFileType = file.xib; path = ArticleTableViewCell.xib; sourceTree = "<group>"; };
		3FBEDE741FE3EECF006103AF /* MediaMetadataResponse.h */ = {isa = PBXFileReference; lastKnownFileType = sourcecode.c.h; path = MediaMetadataResponse.h; sourceTree = "<group>"; };
		3FBEDE751FE3EECF006103AF /* MediaMetadataResponse.m */ = {isa = PBXFileReference; lastKnownFileType = sourcecode.c.objc; path = MediaMetadataResponse.m; sourceTree = "<group>"; };
		3FBEDE771FE3EF21006103AF /* MediaResponse.h */ = {isa = PBXFileReference; lastKnownFileType = sourcecode.c.h; path = MediaResponse.h; sourceTree = "<group>"; };
		3FBEDE781FE3EF21006103AF /* MediaResponse.m */ = {isa = PBXFileReference; lastKnownFileType = sourcecode.c.objc; path = MediaResponse.m; sourceTree = "<group>"; };
		3FBEDE7B1FE3F0BD006103AF /* ArticleModel.h */ = {isa = PBXFileReference; lastKnownFileType = sourcecode.c.h; path = ArticleModel.h; sourceTree = "<group>"; };
		3FBEDE7C1FE3F0BD006103AF /* ArticleModel.m */ = {isa = PBXFileReference; lastKnownFileType = sourcecode.c.objc; path = ArticleModel.m; sourceTree = "<group>"; };
		3FBEDE811FE4000B006103AF /* NYTNavigationController.h */ = {isa = PBXFileReference; lastKnownFileType = sourcecode.c.h; path = NYTNavigationController.h; sourceTree = "<group>"; };
		3FBEDE821FE4000B006103AF /* NYTNavigationController.m */ = {isa = PBXFileReference; lastKnownFileType = sourcecode.c.objc; path = NYTNavigationController.m; sourceTree = "<group>"; };
		3FBEDE851FE401D8006103AF /* ArticleListViewController.xib */ = {isa = PBXFileReference; lastKnownFileType = file.xib; path = ArticleListViewController.xib; sourceTree = "<group>"; };
		3FBEDE871FE402A4006103AF /* ArticleDetailViewController.xib */ = {isa = PBXFileReference; lastKnownFileType = file.xib; path = ArticleDetailViewController.xib; sourceTree = "<group>"; };
		3FBEDE8B1FE4038C006103AF /* UIColor+NYTColors.h */ = {isa = PBXFileReference; lastKnownFileType = sourcecode.c.h; path = "UIColor+NYTColors.h"; sourceTree = "<group>"; };
		3FBEDE8C1FE4038C006103AF /* UIColor+NYTColors.m */ = {isa = PBXFileReference; lastKnownFileType = sourcecode.c.objc; path = "UIColor+NYTColors.m"; sourceTree = "<group>"; };
		511C87317D0C3C12D270A2DB /* Pods-NYTArticles.release mock.xcconfig */ = {isa = PBXFileReference; includeInIndex = 1; lastKnownFileType = text.xcconfig; name = "Pods-NYTArticles.release mock.xcconfig"; path = "Pods/Target Support Files/Pods-NYTArticles/Pods-NYTArticles.release mock.xcconfig"; sourceTree = "<group>"; };
		72C2125B64D1E90DCCDE6556 /* Pods_NYTArticles.framework */ = {isa = PBXFileReference; explicitFileType = wrapper.framework; includeInIndex = 0; path = Pods_NYTArticles.framework; sourceTree = BUILT_PRODUCTS_DIR; };
		A397EDE1A3618E73F3AE1BE1 /* Pods-NYTArticles.release production.xcconfig */ = {isa = PBXFileReference; includeInIndex = 1; lastKnownFileType = text.xcconfig; name = "Pods-NYTArticles.release production.xcconfig"; path = "Pods/Target Support Files/Pods-NYTArticles/Pods-NYTArticles.release production.xcconfig"; sourceTree = "<group>"; };
		E35294D004FF1D88624DC775 /* Pods-NYTArticles.debug dev.xcconfig */ = {isa = PBXFileReference; includeInIndex = 1; lastKnownFileType = text.xcconfig; name = "Pods-NYTArticles.debug dev.xcconfig"; path = "Pods/Target Support Files/Pods-NYTArticles/Pods-NYTArticles.debug dev.xcconfig"; sourceTree = "<group>"; };
		E535CA9AE1345EABF04A0B87 /* Pods-NYTArticles.debug.xcconfig */ = {isa = PBXFileReference; includeInIndex = 1; lastKnownFileType = text.xcconfig; name = "Pods-NYTArticles.debug.xcconfig"; path = "Pods/Target Support Files/Pods-NYTArticles/Pods-NYTArticles.debug.xcconfig"; sourceTree = "<group>"; };
		F054D8D225D2B6FFD65FA21D /* Pods-NYTArticles.debug production.xcconfig */ = {isa = PBXFileReference; includeInIndex = 1; lastKnownFileType = text.xcconfig; name = "Pods-NYTArticles.debug production.xcconfig"; path = "Pods/Target Support Files/Pods-NYTArticles/Pods-NYTArticles.debug production.xcconfig"; sourceTree = "<group>"; };
/* End PBXFileReference section */

/* Begin PBXFrameworksBuildPhase section */
		3FBEDE131FE2D438006103AF /* Frameworks */ = {
			isa = PBXFrameworksBuildPhase;
			buildActionMask = 2147483647;
			files = (
				E1281493C23AF9C2C29DDC8A /* Pods_NYTArticles.framework in Frameworks */,
			);
			runOnlyForDeploymentPostprocessing = 0;
		};
/* End PBXFrameworksBuildPhase section */

/* Begin PBXGroup section */
		3FBEDE0D1FE2D438006103AF = {
			isa = PBXGroup;
			children = (
				3FBEDE331FE2D9B8006103AF /* README.md */,
				3FBEDE181FE2D438006103AF /* NYTArticles */,
				3FBEDE171FE2D438006103AF /* Products */,
				9FBA82690D93DD7C5AF33DA0 /* Pods */,
				6C5202FF71A110553092A1BA /* Frameworks */,
			);
			sourceTree = "<group>";
		};
		3FBEDE171FE2D438006103AF /* Products */ = {
			isa = PBXGroup;
			children = (
				3FBEDE161FE2D438006103AF /* Dev-NYTArticles.app */,
			);
			name = Products;
			sourceTree = "<group>";
		};
		3FBEDE181FE2D438006103AF /* NYTArticles */ = {
			isa = PBXGroup;
			children = (
				3FBEDE3E1FE3BEDF006103AF /* Application */,
				3FBEDE5A1FE3DB21006103AF /* Utilities */,
				3FBEDE7F1FE3FFED006103AF /* Components */,
				3FBEDE5C1FE3DB7F006103AF /* Screens */,
				3FBEDE401FE3BEFD006103AF /* Resources */,
			);
			path = NYTArticles;
			sourceTree = "<group>";
		};
		3FBEDE3E1FE3BEDF006103AF /* Application */ = {
			isa = PBXGroup;
			children = (
				3FBEDE191FE2D438006103AF /* AppDelegate.h */,
				3FBEDE1A1FE2D438006103AF /* AppDelegate.m */,
				3FBEDE271FE2D438006103AF /* Info.plist */,
				3FBEDE3F1FE3BEED006103AF /* Supporting Files */,
			);
			path = Application;
			sourceTree = "<group>";
		};
		3FBEDE3F1FE3BEED006103AF /* Supporting Files */ = {
			isa = PBXGroup;
			children = (
				3FBEDE281FE2D438006103AF /* main.m */,
			);
			path = "Supporting Files";
			sourceTree = "<group>";
		};
		3FBEDE401FE3BEFD006103AF /* Resources */ = {
			isa = PBXGroup;
			children = (
				3FBEDE411FE3BF04006103AF /* Images */,
			);
			path = Resources;
			sourceTree = "<group>";
		};
		3FBEDE411FE3BF04006103AF /* Images */ = {
			isa = PBXGroup;
			children = (
				3FBEDE221FE2D438006103AF /* Assets.xcassets */,
			);
			path = Images;
			sourceTree = "<group>";
		};
		3FBEDE431FE3C230006103AF /* Networking */ = {
			isa = PBXGroup;
			children = (
				3FBEDE4B1FE3D001006103AF /* NetworkManager.h */,
				3FBEDE4C1FE3D001006103AF /* NetworkManager.m */,
				3FBEDE4E1FE3D005006103AF /* RequestObjects */,
				3FBEDE4F1FE3D015006103AF /* ResponseObjects */,
			);
			path = Networking;
			sourceTree = "<group>";
		};
		3FBEDE4E1FE3D005006103AF /* RequestObjects */ = {
			isa = PBXGroup;
			children = (
			);
			path = RequestObjects;
			sourceTree = "<group>";
		};
		3FBEDE4F1FE3D015006103AF /* ResponseObjects */ = {
			isa = PBXGroup;
			children = (
				3FBEDE501FE3D06C006103AF /* Article */,
			);
			path = ResponseObjects;
			sourceTree = "<group>";
		};
		3FBEDE501FE3D06C006103AF /* Article */ = {
			isa = PBXGroup;
			children = (
				3FBEDE511FE3D0E8006103AF /* ArticleListResponse.h */,
				3FBEDE521FE3D0E8006103AF /* ArticleListResponse.m */,
				3FBEDE541FE3D0F3006103AF /* ArticleResponse.h */,
				3FBEDE551FE3D0F3006103AF /* ArticleResponse.m */,
				3FBEDE771FE3EF21006103AF /* MediaResponse.h */,
				3FBEDE781FE3EF21006103AF /* MediaResponse.m */,
				3FBEDE741FE3EECF006103AF /* MediaMetadataResponse.h */,
				3FBEDE751FE3EECF006103AF /* MediaMetadataResponse.m */,
			);
			path = Article;
			sourceTree = "<group>";
		};
		3FBEDE5A1FE3DB21006103AF /* Utilities */ = {
			isa = PBXGroup;
			children = (
				3FBEDE431FE3C230006103AF /* Networking */,
				3FBEDE891FE40352006103AF /* Categories */,
			);
			path = Utilities;
			sourceTree = "<group>";
		};
		3FBEDE5C1FE3DB7F006103AF /* Screens */ = {
			isa = PBXGroup;
			children = (
				3FBEDE301FE2D6A0006103AF /* LaunchScreen.storyboard */,
				3FBEDE5D1FE3DB8B006103AF /* Article */,
			);
			path = Screens;
			sourceTree = "<group>";
		};
		3FBEDE5D1FE3DB8B006103AF /* Article */ = {
			isa = PBXGroup;
			children = (
				3FBEDE5F1FE3DDB0006103AF /* DataManager */,
				3FBEDE7A1FE3F0AD006103AF /* ViewModel */,
				3FBEDE6E1FE3E4BC006103AF /* View */,
				3FBEDE601FE3DDB6006103AF /* Controller */,
			);
			path = Article;
			sourceTree = "<group>";
		};
		3FBEDE5F1FE3DDB0006103AF /* DataManager */ = {
			isa = PBXGroup;
			children = (
				3FBEDE6A1FE3DE26006103AF /* ArticleDataManagerInterface.h */,
				3FBEDE611FE3DDDB006103AF /* ArticleDataManager.h */,
				3FBEDE621FE3DDDB006103AF /* ArticleDataManager.m */,
			);
			path = DataManager;
			sourceTree = "<group>";
		};
		3FBEDE601FE3DDB6006103AF /* Controller */ = {
			isa = PBXGroup;
			children = (
				3FBEDE641FE3DDEB006103AF /* ArticleListViewController.h */,
				3FBEDE651FE3DDEB006103AF /* ArticleListViewController.m */,
				3FBEDE851FE401D8006103AF /* ArticleListViewController.xib */,
				3FBEDE671FE3DDF6006103AF /* ArticleDetailViewController.h */,
				3FBEDE681FE3DDF6006103AF /* ArticleDetailViewController.m */,
				3FBEDE871FE402A4006103AF /* ArticleDetailViewController.xib */,
			);
			path = Controller;
			sourceTree = "<group>";
		};
		3FBEDE6E1FE3E4BC006103AF /* View */ = {
			isa = PBXGroup;
			children = (
				3FBEDE6F1FE3E4D8006103AF /* ArticleTableViewCell.h */,
				3FBEDE701FE3E4D8006103AF /* ArticleTableViewCell.m */,
				3FBEDE711FE3E4D8006103AF /* ArticleTableViewCell.xib */,
			);
			path = View;
			sourceTree = "<group>";
		};
		3FBEDE7A1FE3F0AD006103AF /* ViewModel */ = {
			isa = PBXGroup;
			children = (
				3FBEDE7B1FE3F0BD006103AF /* ArticleModel.h */,
				3FBEDE7C1FE3F0BD006103AF /* ArticleModel.m */,
			);
			path = ViewModel;
			sourceTree = "<group>";
		};
		3FBEDE7F1FE3FFED006103AF /* Components */ = {
			isa = PBXGroup;
			children = (
				3FBEDE801FE3FFF3006103AF /* NavigationController */,
			);
			path = Components;
			sourceTree = "<group>";
		};
		3FBEDE801FE3FFF3006103AF /* NavigationController */ = {
			isa = PBXGroup;
			children = (
				3FBEDE811FE4000B006103AF /* NYTNavigationController.h */,
				3FBEDE821FE4000B006103AF /* NYTNavigationController.m */,
			);
			path = NavigationController;
			sourceTree = "<group>";
		};
		3FBEDE891FE40352006103AF /* Categories */ = {
			isa = PBXGroup;
			children = (
				3FBEDE8B1FE4038C006103AF /* UIColor+NYTColors.h */,
				3FBEDE8C1FE4038C006103AF /* UIColor+NYTColors.m */,
			);
			path = Categories;
			sourceTree = "<group>";
		};
		6C5202FF71A110553092A1BA /* Frameworks */ = {
			isa = PBXGroup;
			children = (
				72C2125B64D1E90DCCDE6556 /* Pods_NYTArticles.framework */,
			);
			name = Frameworks;
			sourceTree = "<group>";
		};
		9FBA82690D93DD7C5AF33DA0 /* Pods */ = {
			isa = PBXGroup;
			children = (
				E535CA9AE1345EABF04A0B87 /* Pods-NYTArticles.debug.xcconfig */,
				1D0B1049843AD4FF65FE5F2E /* Pods-NYTArticles.release.xcconfig */,
				E35294D004FF1D88624DC775 /* Pods-NYTArticles.debug dev.xcconfig */,
				F054D8D225D2B6FFD65FA21D /* Pods-NYTArticles.debug production.xcconfig */,
				197679B022FA8DEBB68FA10A /* Pods-NYTArticles.debug mock.xcconfig */,
				0465F6442AB59A355B61238A /* Pods-NYTArticles.release dev.xcconfig */,
				511C87317D0C3C12D270A2DB /* Pods-NYTArticles.release mock.xcconfig */,
				A397EDE1A3618E73F3AE1BE1 /* Pods-NYTArticles.release production.xcconfig */,
			);
			name = Pods;
			sourceTree = "<group>";
		};
/* End PBXGroup section */

/* Begin PBXNativeTarget section */
		3FBEDE151FE2D438006103AF /* NYTArticles */ = {
			isa = PBXNativeTarget;
			buildConfigurationList = 3FBEDE2C1FE2D438006103AF /* Build configuration list for PBXNativeTarget "NYTArticles" */;
			buildPhases = (
				E71D2CC77BF5A55660F1459A /* [CP] Check Pods Manifest.lock */,
				3FBEDE121FE2D438006103AF /* Sources */,
				3FBEDE131FE2D438006103AF /* Frameworks */,
				3FBEDE141FE2D438006103AF /* Resources */,
				1614A88B1AB9375E0DE01E63 /* [CP] Embed Pods Frameworks */,
				DCF1FFA7F0F10A16CDCF6685 /* [CP] Copy Pods Resources */,
				3FBEDE351FE2DDAC006103AF /* Fabric */,
			);
			buildRules = (
			);
			dependencies = (
			);
			name = NYTArticles;
			productName = NYTArticles;
			productReference = 3FBEDE161FE2D438006103AF /* Dev-NYTArticles.app */;
			productType = "com.apple.product-type.application";
		};
/* End PBXNativeTarget section */

/* Begin PBXProject section */
		3FBEDE0E1FE2D438006103AF /* Project object */ = {
			isa = PBXProject;
			attributes = {
				CLASSPREFIX = NYT;
				LastUpgradeCheck = 0920;
				ORGANIZATIONNAME = "Gergo Nemeth";
				TargetAttributes = {
					3FBEDE151FE2D438006103AF = {
						CreatedOnToolsVersion = 9.2;
						ProvisioningStyle = Automatic;
					};
				};
			};
			buildConfigurationList = 3FBEDE111FE2D438006103AF /* Build configuration list for PBXProject "NYTArticles" */;
			compatibilityVersion = "Xcode 8.0";
			developmentRegion = en;
			hasScannedForEncodings = 0;
			knownRegions = (
				en,
			);
			mainGroup = 3FBEDE0D1FE2D438006103AF;
			productRefGroup = 3FBEDE171FE2D438006103AF /* Products */;
			projectDirPath = "";
			projectRoot = "";
			targets = (
				3FBEDE151FE2D438006103AF /* NYTArticles */,
			);
		};
/* End PBXProject section */

/* Begin PBXResourcesBuildPhase section */
		3FBEDE141FE2D438006103AF /* Resources */ = {
			isa = PBXResourcesBuildPhase;
			buildActionMask = 2147483647;
			files = (
				3FBEDE731FE3E4D8006103AF /* ArticleTableViewCell.xib in Resources */,
				3FBEDE321FE2D6A0006103AF /* LaunchScreen.storyboard in Resources */,
				3FBEDE231FE2D438006103AF /* Assets.xcassets in Resources */,
				3FBEDE881FE402A4006103AF /* ArticleDetailViewController.xib in Resources */,
				3FBEDE861FE401D8006103AF /* ArticleListViewController.xib in Resources */,
			);
			runOnlyForDeploymentPostprocessing = 0;
		};
/* End PBXResourcesBuildPhase section */

/* Begin PBXShellScriptBuildPhase section */
		1614A88B1AB9375E0DE01E63 /* [CP] Embed Pods Frameworks */ = {
			isa = PBXShellScriptBuildPhase;
			buildActionMask = 2147483647;
			files = (
			);
			inputPaths = (
				"${SRCROOT}/Pods/Target Support Files/Pods-NYTArticles/Pods-NYTArticles-frameworks.sh",
				"${BUILT_PRODUCTS_DIR}/AFNetworking/AFNetworking.framework",
				"${BUILT_PRODUCTS_DIR}/HexColors/HexColors.framework",
				"${BUILT_PRODUCTS_DIR}/JSONModel/JSONModel.framework",
				"${BUILT_PRODUCTS_DIR}/ObjectiveSugar/ObjectiveSugar.framework",
				"${BUILT_PRODUCTS_DIR}/SDWebImage/SDWebImage.framework",
				"${BUILT_PRODUCTS_DIR}/SVProgressHUD/SVProgressHUD.framework",
				"${BUILT_PRODUCTS_DIR}/Typhoon/Typhoon.framework",
			);
			name = "[CP] Embed Pods Frameworks";
			outputPaths = (
				"${TARGET_BUILD_DIR}/${FRAMEWORKS_FOLDER_PATH}/AFNetworking.framework",
				"${TARGET_BUILD_DIR}/${FRAMEWORKS_FOLDER_PATH}/HexColors.framework",
				"${TARGET_BUILD_DIR}/${FRAMEWORKS_FOLDER_PATH}/JSONModel.framework",
				"${TARGET_BUILD_DIR}/${FRAMEWORKS_FOLDER_PATH}/ObjectiveSugar.framework",
				"${TARGET_BUILD_DIR}/${FRAMEWORKS_FOLDER_PATH}/SDWebImage.framework",
				"${TARGET_BUILD_DIR}/${FRAMEWORKS_FOLDER_PATH}/SVProgressHUD.framework",
				"${TARGET_BUILD_DIR}/${FRAMEWORKS_FOLDER_PATH}/Typhoon.framework",
			);
			runOnlyForDeploymentPostprocessing = 0;
			shellPath = /bin/sh;
			shellScript = "\"${SRCROOT}/Pods/Target Support Files/Pods-NYTArticles/Pods-NYTArticles-frameworks.sh\"\n";
			showEnvVarsInLog = 0;
		};
		3FBEDE351FE2DDAC006103AF /* Fabric */ = {
			isa = PBXShellScriptBuildPhase;
			buildActionMask = 2147483647;
			files = (
			);
			inputPaths = (
			);
			name = Fabric;
			outputPaths = (
			);
			runOnlyForDeploymentPostprocessing = 0;
			shellPath = /bin/sh;
			shellScript = "\"${PODS_ROOT}/Fabric/run\" 3b11aabfc9db925ab17b901d6b1de68a454b9939 1c09b3cb6a862dc05344a804703342ea9d98f929a9687bf595ac7e140a3a75e9\n";
		};
		DCF1FFA7F0F10A16CDCF6685 /* [CP] Copy Pods Resources */ = {
			isa = PBXShellScriptBuildPhase;
			buildActionMask = 2147483647;
			files = (
			);
			inputPaths = (
			);
			name = "[CP] Copy Pods Resources";
			outputPaths = (
			);
			runOnlyForDeploymentPostprocessing = 0;
			shellPath = /bin/sh;
			shellScript = "\"${SRCROOT}/Pods/Target Support Files/Pods-NYTArticles/Pods-NYTArticles-resources.sh\"\n";
			showEnvVarsInLog = 0;
		};
		E71D2CC77BF5A55660F1459A /* [CP] Check Pods Manifest.lock */ = {
			isa = PBXShellScriptBuildPhase;
			buildActionMask = 2147483647;
			files = (
			);
			inputPaths = (
				"${PODS_PODFILE_DIR_PATH}/Podfile.lock",
				"${PODS_ROOT}/Manifest.lock",
			);
			name = "[CP] Check Pods Manifest.lock";
			outputPaths = (
				"$(DERIVED_FILE_DIR)/Pods-NYTArticles-checkManifestLockResult.txt",
			);
			runOnlyForDeploymentPostprocessing = 0;
			shellPath = /bin/sh;
			shellScript = "diff \"${PODS_PODFILE_DIR_PATH}/Podfile.lock\" \"${PODS_ROOT}/Manifest.lock\" > /dev/null\nif [ $? != 0 ] ; then\n    # print error to STDERR\n    echo \"error: The sandbox is not in sync with the Podfile.lock. Run 'pod install' or update your CocoaPods installation.\" >&2\n    exit 1\nfi\n# This output is used by Xcode 'outputs' to avoid re-running this script phase.\necho \"SUCCESS\" > \"${SCRIPT_OUTPUT_FILE_0}\"\n";
			showEnvVarsInLog = 0;
		};
/* End PBXShellScriptBuildPhase section */

/* Begin PBXSourcesBuildPhase section */
		3FBEDE121FE2D438006103AF /* Sources */ = {
			isa = PBXSourcesBuildPhase;
			buildActionMask = 2147483647;
			files = (
				3FBEDE631FE3DDDB006103AF /* ArticleDataManager.m in Sources */,
				3FBEDE761FE3EECF006103AF /* MediaMetadataResponse.m in Sources */,
				3FBEDE7D1FE3F0BD006103AF /* ArticleModel.m in Sources */,
				3FBEDE561FE3D0F3006103AF /* ArticleResponse.m in Sources */,
				3FBEDE531FE3D0E8006103AF /* ArticleListResponse.m in Sources */,
				3FBEDE291FE2D438006103AF /* main.m in Sources */,
				3FBEDE661FE3DDEB006103AF /* ArticleListViewController.m in Sources */,
				3FBEDE4D1FE3D001006103AF /* NetworkManager.m in Sources */,
				3FBEDE691FE3DDF6006103AF /* ArticleDetailViewController.m in Sources */,
				3FBEDE8D1FE4038C006103AF /* UIColor+NYTColors.m in Sources */,
				3FBEDE831FE4000B006103AF /* NYTNavigationController.m in Sources */,
				3FBEDE721FE3E4D8006103AF /* ArticleTableViewCell.m in Sources */,
				3FBEDE1B1FE2D438006103AF /* AppDelegate.m in Sources */,
				3FBEDE791FE3EF21006103AF /* MediaResponse.m in Sources */,
			);
			runOnlyForDeploymentPostprocessing = 0;
		};
/* End PBXSourcesBuildPhase section */

/* Begin XCBuildConfiguration section */
		3FBEDE2A1FE2D438006103AF /* Debug Dev */ = {
			isa = XCBuildConfiguration;
			buildSettings = {
				ALWAYS_SEARCH_USER_PATHS = NO;
				BUNDLE_ID_SUFFIX = "-dev";
				CLANG_ANALYZER_NONNULL = YES;
				CLANG_ANALYZER_NUMBER_OBJECT_CONVERSION = YES_AGGRESSIVE;
				CLANG_CXX_LANGUAGE_STANDARD = "gnu++14";
				CLANG_CXX_LIBRARY = "libc++";
				CLANG_ENABLE_MODULES = YES;
				CLANG_ENABLE_OBJC_ARC = YES;
				CLANG_WARN_BLOCK_CAPTURE_AUTORELEASING = YES;
				CLANG_WARN_BOOL_CONVERSION = YES;
				CLANG_WARN_COMMA = YES;
				CLANG_WARN_CONSTANT_CONVERSION = YES;
				CLANG_WARN_DIRECT_OBJC_ISA_USAGE = YES_ERROR;
				CLANG_WARN_DOCUMENTATION_COMMENTS = YES;
				CLANG_WARN_EMPTY_BODY = YES;
				CLANG_WARN_ENUM_CONVERSION = YES;
				CLANG_WARN_INFINITE_RECURSION = YES;
				CLANG_WARN_INT_CONVERSION = YES;
				CLANG_WARN_NON_LITERAL_NULL_CONVERSION = YES;
				CLANG_WARN_OBJC_LITERAL_CONVERSION = YES;
				CLANG_WARN_OBJC_ROOT_CLASS = YES_ERROR;
				CLANG_WARN_RANGE_LOOP_ANALYSIS = YES;
				CLANG_WARN_STRICT_PROTOTYPES = YES;
				CLANG_WARN_SUSPICIOUS_MOVE = YES;
				CLANG_WARN_UNGUARDED_AVAILABILITY = YES_AGGRESSIVE;
				CLANG_WARN_UNREACHABLE_CODE = YES;
				CLANG_WARN__DUPLICATE_METHOD_MATCH = YES;
				CODE_SIGN_IDENTITY = "iPhone Developer";
				COPY_PHASE_STRIP = NO;
				DEBUG_INFORMATION_FORMAT = dwarf;
				ENABLE_STRICT_OBJC_MSGSEND = YES;
				ENABLE_TESTABILITY = YES;
				GCC_C_LANGUAGE_STANDARD = gnu11;
				GCC_DYNAMIC_NO_PIC = NO;
				GCC_NO_COMMON_BLOCKS = YES;
				GCC_OPTIMIZATION_LEVEL = 0;
				GCC_PREPROCESSOR_DEFINITIONS = (
					"DEBUG=1",
					"$(inherited)",
				);
				GCC_WARN_64_TO_32_BIT_CONVERSION = YES;
				GCC_WARN_ABOUT_RETURN_TYPE = YES_ERROR;
				GCC_WARN_UNDECLARED_SELECTOR = YES;
				GCC_WARN_UNINITIALIZED_AUTOS = YES_AGGRESSIVE;
				GCC_WARN_UNUSED_FUNCTION = YES;
				GCC_WARN_UNUSED_VARIABLE = YES;
				IPHONEOS_DEPLOYMENT_TARGET = 10.0;
				MTL_ENABLE_DEBUG_INFO = YES;
				ONLY_ACTIVE_ARCH = YES;
				PRODUCT_NAME_PREFIX = "Dev-";
				SDKROOT = iphoneos;
			};
			name = "Debug Dev";
		};
		3FBEDE2B1FE2D438006103AF /* Release Dev */ = {
			isa = XCBuildConfiguration;
			buildSettings = {
				ALWAYS_SEARCH_USER_PATHS = NO;
				BUNDLE_ID_SUFFIX = "-dev";
				CLANG_ANALYZER_NONNULL = YES;
				CLANG_ANALYZER_NUMBER_OBJECT_CONVERSION = YES_AGGRESSIVE;
				CLANG_CXX_LANGUAGE_STANDARD = "gnu++14";
				CLANG_CXX_LIBRARY = "libc++";
				CLANG_ENABLE_MODULES = YES;
				CLANG_ENABLE_OBJC_ARC = YES;
				CLANG_WARN_BLOCK_CAPTURE_AUTORELEASING = YES;
				CLANG_WARN_BOOL_CONVERSION = YES;
				CLANG_WARN_COMMA = YES;
				CLANG_WARN_CONSTANT_CONVERSION = YES;
				CLANG_WARN_DIRECT_OBJC_ISA_USAGE = YES_ERROR;
				CLANG_WARN_DOCUMENTATION_COMMENTS = YES;
				CLANG_WARN_EMPTY_BODY = YES;
				CLANG_WARN_ENUM_CONVERSION = YES;
				CLANG_WARN_INFINITE_RECURSION = YES;
				CLANG_WARN_INT_CONVERSION = YES;
				CLANG_WARN_NON_LITERAL_NULL_CONVERSION = YES;
				CLANG_WARN_OBJC_LITERAL_CONVERSION = YES;
				CLANG_WARN_OBJC_ROOT_CLASS = YES_ERROR;
				CLANG_WARN_RANGE_LOOP_ANALYSIS = YES;
				CLANG_WARN_STRICT_PROTOTYPES = YES;
				CLANG_WARN_SUSPICIOUS_MOVE = YES;
				CLANG_WARN_UNGUARDED_AVAILABILITY = YES_AGGRESSIVE;
				CLANG_WARN_UNREACHABLE_CODE = YES;
				CLANG_WARN__DUPLICATE_METHOD_MATCH = YES;
				CODE_SIGN_IDENTITY = "iPhone Developer";
				COPY_PHASE_STRIP = NO;
				DEBUG_INFORMATION_FORMAT = "dwarf-with-dsym";
				ENABLE_NS_ASSERTIONS = NO;
				ENABLE_STRICT_OBJC_MSGSEND = YES;
				GCC_C_LANGUAGE_STANDARD = gnu11;
				GCC_NO_COMMON_BLOCKS = YES;
				GCC_WARN_64_TO_32_BIT_CONVERSION = YES;
				GCC_WARN_ABOUT_RETURN_TYPE = YES_ERROR;
				GCC_WARN_UNDECLARED_SELECTOR = YES;
				GCC_WARN_UNINITIALIZED_AUTOS = YES_AGGRESSIVE;
				GCC_WARN_UNUSED_FUNCTION = YES;
				GCC_WARN_UNUSED_VARIABLE = YES;
				IPHONEOS_DEPLOYMENT_TARGET = 10.0;
				MTL_ENABLE_DEBUG_INFO = NO;
				PRODUCT_NAME_PREFIX = "Dev-";
				SDKROOT = iphoneos;
				VALIDATE_PRODUCT = YES;
			};
			name = "Release Dev";
		};
		3FBEDE2D1FE2D438006103AF /* Debug Dev */ = {
			isa = XCBuildConfiguration;
			baseConfigurationReference = E35294D004FF1D88624DC775 /* Pods-NYTArticles.debug dev.xcconfig */;
			buildSettings = {
				ASSETCATALOG_COMPILER_APPICON_NAME = AppIcon;
				CODE_SIGN_STYLE = Automatic;
				INFOPLIST_FILE = "$(SRCROOT)/NYTArticles/Application/Info.plist";
				LD_RUNPATH_SEARCH_PATHS = "$(inherited) @executable_path/Frameworks";
				PRODUCT_BUNDLE_IDENTIFIER = "com.nyt.NYTArticles$(BUNDLE_ID_SUFFIX)";
				PRODUCT_NAME = "$(PRODUCT_NAME_PREFIX)$(TARGET_NAME)";
				TARGETED_DEVICE_FAMILY = 1;
			};
			name = "Debug Dev";
		};
		3FBEDE2E1FE2D438006103AF /* Release Dev */ = {
			isa = XCBuildConfiguration;
			baseConfigurationReference = 0465F6442AB59A355B61238A /* Pods-NYTArticles.release dev.xcconfig */;
			buildSettings = {
				ASSETCATALOG_COMPILER_APPICON_NAME = AppIcon;
				CODE_SIGN_STYLE = Automatic;
				INFOPLIST_FILE = "$(SRCROOT)/NYTArticles/Application/Info.plist";
				LD_RUNPATH_SEARCH_PATHS = "$(inherited) @executable_path/Frameworks";
				PRODUCT_BUNDLE_IDENTIFIER = "com.nyt.NYTArticles$(BUNDLE_ID_SUFFIX)";
				PRODUCT_NAME = "$(PRODUCT_NAME_PREFIX)$(TARGET_NAME)";
				TARGETED_DEVICE_FAMILY = 1;
			};
			name = "Release Dev";
		};
		3FBEDE361FE2DE57006103AF /* Debug Mock */ = {
			isa = XCBuildConfiguration;
			buildSettings = {
				ALWAYS_SEARCH_USER_PATHS = NO;
				BUNDLE_ID_SUFFIX = "-mock";
				CLANG_ANALYZER_NONNULL = YES;
				CLANG_ANALYZER_NUMBER_OBJECT_CONVERSION = YES_AGGRESSIVE;
				CLANG_CXX_LANGUAGE_STANDARD = "gnu++14";
				CLANG_CXX_LIBRARY = "libc++";
				CLANG_ENABLE_MODULES = YES;
				CLANG_ENABLE_OBJC_ARC = YES;
				CLANG_WARN_BLOCK_CAPTURE_AUTORELEASING = YES;
				CLANG_WARN_BOOL_CONVERSION = YES;
				CLANG_WARN_COMMA = YES;
				CLANG_WARN_CONSTANT_CONVERSION = YES;
				CLANG_WARN_DIRECT_OBJC_ISA_USAGE = YES_ERROR;
				CLANG_WARN_DOCUMENTATION_COMMENTS = YES;
				CLANG_WARN_EMPTY_BODY = YES;
				CLANG_WARN_ENUM_CONVERSION = YES;
				CLANG_WARN_INFINITE_RECURSION = YES;
				CLANG_WARN_INT_CONVERSION = YES;
				CLANG_WARN_NON_LITERAL_NULL_CONVERSION = YES;
				CLANG_WARN_OBJC_LITERAL_CONVERSION = YES;
				CLANG_WARN_OBJC_ROOT_CLASS = YES_ERROR;
				CLANG_WARN_RANGE_LOOP_ANALYSIS = YES;
				CLANG_WARN_STRICT_PROTOTYPES = YES;
				CLANG_WARN_SUSPICIOUS_MOVE = YES;
				CLANG_WARN_UNGUARDED_AVAILABILITY = YES_AGGRESSIVE;
				CLANG_WARN_UNREACHABLE_CODE = YES;
				CLANG_WARN__DUPLICATE_METHOD_MATCH = YES;
				CODE_SIGN_IDENTITY = "iPhone Developer";
				COPY_PHASE_STRIP = NO;
				DEBUG_INFORMATION_FORMAT = dwarf;
				ENABLE_STRICT_OBJC_MSGSEND = YES;
				ENABLE_TESTABILITY = YES;
				GCC_C_LANGUAGE_STANDARD = gnu11;
				GCC_DYNAMIC_NO_PIC = NO;
				GCC_NO_COMMON_BLOCKS = YES;
				GCC_OPTIMIZATION_LEVEL = 0;
				GCC_PREPROCESSOR_DEFINITIONS = (
					"DEBUG=1",
					"$(inherited)",
				);
				GCC_WARN_64_TO_32_BIT_CONVERSION = YES;
				GCC_WARN_ABOUT_RETURN_TYPE = YES_ERROR;
				GCC_WARN_UNDECLARED_SELECTOR = YES;
				GCC_WARN_UNINITIALIZED_AUTOS = YES_AGGRESSIVE;
				GCC_WARN_UNUSED_FUNCTION = YES;
				GCC_WARN_UNUSED_VARIABLE = YES;
				IPHONEOS_DEPLOYMENT_TARGET = 10.0;
				MTL_ENABLE_DEBUG_INFO = YES;
				ONLY_ACTIVE_ARCH = YES;
				PRODUCT_NAME_PREFIX = "Mock-";
				SDKROOT = iphoneos;
			};
			name = "Debug Mock";
		};
		3FBEDE371FE2DE57006103AF /* Debug Mock */ = {
			isa = XCBuildConfiguration;
			baseConfigurationReference = 197679B022FA8DEBB68FA10A /* Pods-NYTArticles.debug mock.xcconfig */;
			buildSettings = {
				ASSETCATALOG_COMPILER_APPICON_NAME = AppIcon;
				CODE_SIGN_STYLE = Automatic;
				INFOPLIST_FILE = "$(SRCROOT)/NYTArticles/Application/Info.plist";
				LD_RUNPATH_SEARCH_PATHS = "$(inherited) @executable_path/Frameworks";
				PRODUCT_BUNDLE_IDENTIFIER = "com.nyt.NYTArticles$(BUNDLE_ID_SUFFIX)";
				PRODUCT_NAME = "$(PRODUCT_NAME_PREFIX)$(TARGET_NAME)";
				TARGETED_DEVICE_FAMILY = 1;
			};
			name = "Debug Mock";
		};
		3FBEDE381FE2DE61006103AF /* Release Mock */ = {
			isa = XCBuildConfiguration;
			buildSettings = {
				ALWAYS_SEARCH_USER_PATHS = NO;
				BUNDLE_ID_SUFFIX = "-mock";
				CLANG_ANALYZER_NONNULL = YES;
				CLANG_ANALYZER_NUMBER_OBJECT_CONVERSION = YES_AGGRESSIVE;
				CLANG_CXX_LANGUAGE_STANDARD = "gnu++14";
				CLANG_CXX_LIBRARY = "libc++";
				CLANG_ENABLE_MODULES = YES;
				CLANG_ENABLE_OBJC_ARC = YES;
				CLANG_WARN_BLOCK_CAPTURE_AUTORELEASING = YES;
				CLANG_WARN_BOOL_CONVERSION = YES;
				CLANG_WARN_COMMA = YES;
				CLANG_WARN_CONSTANT_CONVERSION = YES;
				CLANG_WARN_DIRECT_OBJC_ISA_USAGE = YES_ERROR;
				CLANG_WARN_DOCUMENTATION_COMMENTS = YES;
				CLANG_WARN_EMPTY_BODY = YES;
				CLANG_WARN_ENUM_CONVERSION = YES;
				CLANG_WARN_INFINITE_RECURSION = YES;
				CLANG_WARN_INT_CONVERSION = YES;
				CLANG_WARN_NON_LITERAL_NULL_CONVERSION = YES;
				CLANG_WARN_OBJC_LITERAL_CONVERSION = YES;
				CLANG_WARN_OBJC_ROOT_CLASS = YES_ERROR;
				CLANG_WARN_RANGE_LOOP_ANALYSIS = YES;
				CLANG_WARN_STRICT_PROTOTYPES = YES;
				CLANG_WARN_SUSPICIOUS_MOVE = YES;
				CLANG_WARN_UNGUARDED_AVAILABILITY = YES_AGGRESSIVE;
				CLANG_WARN_UNREACHABLE_CODE = YES;
				CLANG_WARN__DUPLICATE_METHOD_MATCH = YES;
				CODE_SIGN_IDENTITY = "iPhone Developer";
				COPY_PHASE_STRIP = NO;
				DEBUG_INFORMATION_FORMAT = "dwarf-with-dsym";
				ENABLE_NS_ASSERTIONS = NO;
				ENABLE_STRICT_OBJC_MSGSEND = YES;
				GCC_C_LANGUAGE_STANDARD = gnu11;
				GCC_NO_COMMON_BLOCKS = YES;
				GCC_WARN_64_TO_32_BIT_CONVERSION = YES;
				GCC_WARN_ABOUT_RETURN_TYPE = YES_ERROR;
				GCC_WARN_UNDECLARED_SELECTOR = YES;
				GCC_WARN_UNINITIALIZED_AUTOS = YES_AGGRESSIVE;
				GCC_WARN_UNUSED_FUNCTION = YES;
				GCC_WARN_UNUSED_VARIABLE = YES;
				IPHONEOS_DEPLOYMENT_TARGET = 10.0;
				MTL_ENABLE_DEBUG_INFO = NO;
				PRODUCT_NAME_PREFIX = "Mock-";
				SDKROOT = iphoneos;
				VALIDATE_PRODUCT = YES;
			};
			name = "Release Mock";
		};
		3FBEDE391FE2DE61006103AF /* Release Mock */ = {
			isa = XCBuildConfiguration;
			baseConfigurationReference = 511C87317D0C3C12D270A2DB /* Pods-NYTArticles.release mock.xcconfig */;
			buildSettings = {
				ASSETCATALOG_COMPILER_APPICON_NAME = AppIcon;
				CODE_SIGN_STYLE = Automatic;
				INFOPLIST_FILE = "$(SRCROOT)/NYTArticles/Application/Info.plist";
				LD_RUNPATH_SEARCH_PATHS = "$(inherited) @executable_path/Frameworks";
				PRODUCT_BUNDLE_IDENTIFIER = "com.nyt.NYTArticles$(BUNDLE_ID_SUFFIX)";
				PRODUCT_NAME = "$(PRODUCT_NAME_PREFIX)$(TARGET_NAME)";
				TARGETED_DEVICE_FAMILY = 1;
			};
			name = "Release Mock";
		};
		3FBEDE3A1FE2DE6B006103AF /* Debug Production */ = {
			isa = XCBuildConfiguration;
			buildSettings = {
				ALWAYS_SEARCH_USER_PATHS = NO;
				BUNDLE_ID_SUFFIX = "";
				CLANG_ANALYZER_NONNULL = YES;
				CLANG_ANALYZER_NUMBER_OBJECT_CONVERSION = YES_AGGRESSIVE;
				CLANG_CXX_LANGUAGE_STANDARD = "gnu++14";
				CLANG_CXX_LIBRARY = "libc++";
				CLANG_ENABLE_MODULES = YES;
				CLANG_ENABLE_OBJC_ARC = YES;
				CLANG_WARN_BLOCK_CAPTURE_AUTORELEASING = YES;
				CLANG_WARN_BOOL_CONVERSION = YES;
				CLANG_WARN_COMMA = YES;
				CLANG_WARN_CONSTANT_CONVERSION = YES;
				CLANG_WARN_DIRECT_OBJC_ISA_USAGE = YES_ERROR;
				CLANG_WARN_DOCUMENTATION_COMMENTS = YES;
				CLANG_WARN_EMPTY_BODY = YES;
				CLANG_WARN_ENUM_CONVERSION = YES;
				CLANG_WARN_INFINITE_RECURSION = YES;
				CLANG_WARN_INT_CONVERSION = YES;
				CLANG_WARN_NON_LITERAL_NULL_CONVERSION = YES;
				CLANG_WARN_OBJC_LITERAL_CONVERSION = YES;
				CLANG_WARN_OBJC_ROOT_CLASS = YES_ERROR;
				CLANG_WARN_RANGE_LOOP_ANALYSIS = YES;
				CLANG_WARN_STRICT_PROTOTYPES = YES;
				CLANG_WARN_SUSPICIOUS_MOVE = YES;
				CLANG_WARN_UNGUARDED_AVAILABILITY = YES_AGGRESSIVE;
				CLANG_WARN_UNREACHABLE_CODE = YES;
				CLANG_WARN__DUPLICATE_METHOD_MATCH = YES;
				CODE_SIGN_IDENTITY = "iPhone Developer";
				COPY_PHASE_STRIP = NO;
				DEBUG_INFORMATION_FORMAT = dwarf;
				ENABLE_STRICT_OBJC_MSGSEND = YES;
				ENABLE_TESTABILITY = YES;
				GCC_C_LANGUAGE_STANDARD = gnu11;
				GCC_DYNAMIC_NO_PIC = NO;
				GCC_NO_COMMON_BLOCKS = YES;
				GCC_OPTIMIZATION_LEVEL = 0;
				GCC_PREPROCESSOR_DEFINITIONS = (
					"DEBUG=1",
					"$(inherited)",
				);
				GCC_WARN_64_TO_32_BIT_CONVERSION = YES;
				GCC_WARN_ABOUT_RETURN_TYPE = YES_ERROR;
				GCC_WARN_UNDECLARED_SELECTOR = YES;
				GCC_WARN_UNINITIALIZED_AUTOS = YES_AGGRESSIVE;
				GCC_WARN_UNUSED_FUNCTION = YES;
				GCC_WARN_UNUSED_VARIABLE = YES;
				IPHONEOS_DEPLOYMENT_TARGET = 10.0;
				MTL_ENABLE_DEBUG_INFO = YES;
				ONLY_ACTIVE_ARCH = YES;
				PRODUCT_NAME_PREFIX = "";
				SDKROOT = iphoneos;
			};
			name = "Debug Production";
		};
		3FBEDE3B1FE2DE6B006103AF /* Debug Production */ = {
			isa = XCBuildConfiguration;
			baseConfigurationReference = F054D8D225D2B6FFD65FA21D /* Pods-NYTArticles.debug production.xcconfig */;
			buildSettings = {
				ASSETCATALOG_COMPILER_APPICON_NAME = AppIcon;
				CODE_SIGN_STYLE = Automatic;
				INFOPLIST_FILE = "$(SRCROOT)/NYTArticles/Application/Info.plist";
				LD_RUNPATH_SEARCH_PATHS = "$(inherited) @executable_path/Frameworks";
				PRODUCT_BUNDLE_IDENTIFIER = "com.nyt.NYTArticles$(BUNDLE_ID_SUFFIX)";
				PRODUCT_NAME = "$(PRODUCT_NAME_PREFIX)$(TARGET_NAME)";
				TARGETED_DEVICE_FAMILY = 1;
			};
			name = "Debug Production";
		};
		3FBEDE3C1FE2DE73006103AF /* Release Production */ = {
			isa = XCBuildConfiguration;
			buildSettings = {
				ALWAYS_SEARCH_USER_PATHS = NO;
				BUNDLE_ID_SUFFIX = "";
				CLANG_ANALYZER_NONNULL = YES;
				CLANG_ANALYZER_NUMBER_OBJECT_CONVERSION = YES_AGGRESSIVE;
				CLANG_CXX_LANGUAGE_STANDARD = "gnu++14";
				CLANG_CXX_LIBRARY = "libc++";
				CLANG_ENABLE_MODULES = YES;
				CLANG_ENABLE_OBJC_ARC = YES;
				CLANG_WARN_BLOCK_CAPTURE_AUTORELEASING = YES;
				CLANG_WARN_BOOL_CONVERSION = YES;
				CLANG_WARN_COMMA = YES;
				CLANG_WARN_CONSTANT_CONVERSION = YES;
				CLANG_WARN_DIRECT_OBJC_ISA_USAGE = YES_ERROR;
				CLANG_WARN_DOCUMENTATION_COMMENTS = YES;
				CLANG_WARN_EMPTY_BODY = YES;
				CLANG_WARN_ENUM_CONVERSION = YES;
				CLANG_WARN_INFINITE_RECURSION = YES;
				CLANG_WARN_INT_CONVERSION = YES;
				CLANG_WARN_NON_LITERAL_NULL_CONVERSION = YES;
				CLANG_WARN_OBJC_LITERAL_CONVERSION = YES;
				CLANG_WARN_OBJC_ROOT_CLASS = YES_ERROR;
				CLANG_WARN_RANGE_LOOP_ANALYSIS = YES;
				CLANG_WARN_STRICT_PROTOTYPES = YES;
				CLANG_WARN_SUSPICIOUS_MOVE = YES;
				CLANG_WARN_UNGUARDED_AVAILABILITY = YES_AGGRESSIVE;
				CLANG_WARN_UNREACHABLE_CODE = YES;
				CLANG_WARN__DUPLICATE_METHOD_MATCH = YES;
				CODE_SIGN_IDENTITY = "iPhone Developer";
				COPY_PHASE_STRIP = NO;
				DEBUG_INFORMATION_FORMAT = "dwarf-with-dsym";
				ENABLE_NS_ASSERTIONS = NO;
				ENABLE_STRICT_OBJC_MSGSEND = YES;
				GCC_C_LANGUAGE_STANDARD = gnu11;
				GCC_NO_COMMON_BLOCKS = YES;
				GCC_WARN_64_TO_32_BIT_CONVERSION = YES;
				GCC_WARN_ABOUT_RETURN_TYPE = YES_ERROR;
				GCC_WARN_UNDECLARED_SELECTOR = YES;
				GCC_WARN_UNINITIALIZED_AUTOS = YES_AGGRESSIVE;
				GCC_WARN_UNUSED_FUNCTION = YES;
				GCC_WARN_UNUSED_VARIABLE = YES;
				IPHONEOS_DEPLOYMENT_TARGET = 10.0;
				MTL_ENABLE_DEBUG_INFO = NO;
				PRODUCT_NAME_PREFIX = "";
				SDKROOT = iphoneos;
				VALIDATE_PRODUCT = YES;
			};
			name = "Release Production";
		};
		3FBEDE3D1FE2DE73006103AF /* Release Production */ = {
			isa = XCBuildConfiguration;
			baseConfigurationReference = A397EDE1A3618E73F3AE1BE1 /* Pods-NYTArticles.release production.xcconfig */;
			buildSettings = {
				ASSETCATALOG_COMPILER_APPICON_NAME = AppIcon;
				CODE_SIGN_STYLE = Automatic;
				INFOPLIST_FILE = "$(SRCROOT)/NYTArticles/Application/Info.plist";
				LD_RUNPATH_SEARCH_PATHS = "$(inherited) @executable_path/Frameworks";
				PRODUCT_BUNDLE_IDENTIFIER = "com.nyt.NYTArticles$(BUNDLE_ID_SUFFIX)";
				PRODUCT_NAME = "$(PRODUCT_NAME_PREFIX)$(TARGET_NAME)";
				TARGETED_DEVICE_FAMILY = 1;
			};
			name = "Release Production";
		};
/* End XCBuildConfiguration section */

/* Begin XCConfigurationList section */
		3FBEDE111FE2D438006103AF /* Build configuration list for PBXProject "NYTArticles" */ = {
			isa = XCConfigurationList;
			buildConfigurations = (
				3FBEDE2A1FE2D438006103AF /* Debug Dev */,
				3FBEDE3A1FE2DE6B006103AF /* Debug Production */,
				3FBEDE361FE2DE57006103AF /* Debug Mock */,
				3FBEDE2B1FE2D438006103AF /* Release Dev */,
				3FBEDE381FE2DE61006103AF /* Release Mock */,
				3FBEDE3C1FE2DE73006103AF /* Release Production */,
			);
			defaultConfigurationIsVisible = 0;
			defaultConfigurationName = "Release Dev";
		};
		3FBEDE2C1FE2D438006103AF /* Build configuration list for PBXNativeTarget "NYTArticles" */ = {
			isa = XCConfigurationList;
			buildConfigurations = (
				3FBEDE2D1FE2D438006103AF /* Debug Dev */,
				3FBEDE3B1FE2DE6B006103AF /* Debug Production */,
				3FBEDE371FE2DE57006103AF /* Debug Mock */,
				3FBEDE2E1FE2D438006103AF /* Release Dev */,
				3FBEDE391FE2DE61006103AF /* Release Mock */,
				3FBEDE3D1FE2DE73006103AF /* Release Production */,
			);
			defaultConfigurationIsVisible = 0;
			defaultConfigurationName = "Release Dev";
		};
/* End XCConfigurationList section */
	};
	rootObject = 3FBEDE0E1FE2D438006103AF /* Project object */;
}
